# This file is generated by running "yarn install" inside your project.
# Manual changes might be lost - proceed with caution!

__metadata:
  version: 8
  cacheKey: 10

"@babel/runtime@npm:^7.12.1":
  version: 7.25.6
  resolution: "@babel/runtime@npm:7.25.6"
  dependencies:
    regenerator-runtime: "npm:^0.14.0"
  checksum: 10/0c4134734deb20e1005ffb9165bf342e1074576621b246d8e5e41cc7cb315a885b7d98950fbf5c63619a2990a56ae82f444d35fe8c4691a0b70c2fe5673667dc
  languageName: node
  linkType: hard

"@next/env@npm:14.2.10":
  version: 14.2.10
  resolution: "@next/env@npm:14.2.10"
  checksum: 10/52754033a280e2ea804bcf15df5f13fe24db6d7b9b571676e8ba79735675d66716c2d9e51a2f5b2ba6c6492178f4c82c572b3f4097efd890dfda38fd8a4328c4
  languageName: node
  linkType: hard

"@next/swc-darwin-arm64@npm:14.2.10":
  version: 14.2.10
  resolution: "@next/swc-darwin-arm64@npm:14.2.10"
  conditions: os=darwin & cpu=arm64
  languageName: node
  linkType: hard

"@next/swc-darwin-x64@npm:14.2.10":
  version: 14.2.10
  resolution: "@next/swc-darwin-x64@npm:14.2.10"
  conditions: os=darwin & cpu=x64
  languageName: node
  linkType: hard

"@next/swc-linux-arm64-gnu@npm:14.2.10":
  version: 14.2.10
  resolution: "@next/swc-linux-arm64-gnu@npm:14.2.10"
  conditions: os=linux & cpu=arm64 & libc=glibc
  languageName: node
  linkType: hard

"@next/swc-linux-arm64-musl@npm:14.2.10":
  version: 14.2.10
  resolution: "@next/swc-linux-arm64-musl@npm:14.2.10"
  conditions: os=linux & cpu=arm64 & libc=musl
  languageName: node
  linkType: hard

"@next/swc-linux-x64-gnu@npm:14.2.10":
  version: 14.2.10
  resolution: "@next/swc-linux-x64-gnu@npm:14.2.10"
  conditions: os=linux & cpu=x64 & libc=glibc
  languageName: node
  linkType: hard

"@next/swc-linux-x64-musl@npm:14.2.10":
  version: 14.2.10
  resolution: "@next/swc-linux-x64-musl@npm:14.2.10"
  conditions: os=linux & cpu=x64 & libc=musl
  languageName: node
  linkType: hard

"@next/swc-win32-arm64-msvc@npm:14.2.10":
  version: 14.2.10
  resolution: "@next/swc-win32-arm64-msvc@npm:14.2.10"
  conditions: os=win32 & cpu=arm64
  languageName: node
  linkType: hard

"@next/swc-win32-ia32-msvc@npm:14.2.10":
  version: 14.2.10
  resolution: "@next/swc-win32-ia32-msvc@npm:14.2.10"
  conditions: os=win32 & cpu=ia32
  languageName: node
  linkType: hard

"@next/swc-win32-x64-msvc@npm:14.2.10":
  version: 14.2.10
  resolution: "@next/swc-win32-x64-msvc@npm:14.2.10"
  conditions: os=win32 & cpu=x64
  languageName: node
  linkType: hard

"@swc/counter@npm:^0.1.3":
  version: 0.1.3
  resolution: "@swc/counter@npm:0.1.3"
  checksum: 10/df8f9cfba9904d3d60f511664c70d23bb323b3a0803ec9890f60133954173047ba9bdeabce28cd70ba89ccd3fd6c71c7b0bd58be85f611e1ffbe5d5c18616598
  languageName: node
  linkType: hard

"@swc/helpers@npm:0.5.5":
  version: 0.5.5
  resolution: "@swc/helpers@npm:0.5.5"
  dependencies:
    "@swc/counter": "npm:^0.1.3"
    tslib: "npm:^2.4.0"
  checksum: 10/1c5ef04f642542212df28c669438f3e0f459dcde7b448a5b1fcafb2e9e4f13e76d8428535a270e91ed123dd2a21189dbed34086b88a8cf68baf84984d6d0e39b
  languageName: node
  linkType: hard

"@types/hoist-non-react-statics@npm:^3.3.1":
  version: 3.3.5
  resolution: "@types/hoist-non-react-statics@npm:3.3.5"
  dependencies:
    "@types/react": "npm:*"
    hoist-non-react-statics: "npm:^3.3.0"
  checksum: 10/b645b062a20cce6ab1245ada8274051d8e2e0b2ee5c6bd58215281d0ec6dae2f26631af4e2e7c8abe238cdcee73fcaededc429eef569e70908f82d0cc0ea31d7
  languageName: node
  linkType: hard

"@types/node@npm:20.3.0":
  version: 20.3.0
  resolution: "@types/node@npm:20.3.0"
  checksum: 10/c1fdc2d64313f53fbd0d2d4172e61b2e088c4474c2d33f448cbda54948bc52f56b0fb78d39f958d4add630cd91d03bee292a34615e94a05251b7a4cb335899de
  languageName: node
  linkType: hard

"@types/prop-types@npm:*":
  version: 15.7.12
  resolution: "@types/prop-types@npm:15.7.12"
  checksum: 10/ac16cc3d0a84431ffa5cfdf89579ad1e2269549f32ce0c769321fdd078f84db4fbe1b461ed5a1a496caf09e637c0e367d600c541435716a55b1d9713f5035dfe
  languageName: node
  linkType: hard

"@types/react-dom@npm:18.2.5":
  version: 18.2.5
  resolution: "@types/react-dom@npm:18.2.5"
  dependencies:
    "@types/react": "npm:*"
  checksum: 10/7373edc8acb63d1de78edb8aff3961b730d728648d6264667b1d004b712e6ba16eb471b9de1d70c1e5ddb58f7ccd69bd48ddd645ce50d6df99efb57fc532dcd4
  languageName: node
  linkType: hard

"@types/react@npm:*":
  version: 18.3.5
  resolution: "@types/react@npm:18.3.5"
  dependencies:
    "@types/prop-types": "npm:*"
    csstype: "npm:^3.0.2"
  checksum: 10/ba0477c5ad4a762157c6262a199af6ccf9e24576877a26a7f516d5a9ba35374a6ac7f8686a10e5e8030513214f02bcb66e8363e43905afb7cd313deaf673de05
  languageName: node
  linkType: hard

"@types/react@npm:18.2.12":
  version: 18.2.12
  resolution: "@types/react@npm:18.2.12"
  dependencies:
    "@types/prop-types": "npm:*"
    "@types/scheduler": "npm:*"
    csstype: "npm:^3.0.2"
  checksum: 10/a15e0d71f23a5f4aa5fa0656b7b826fa0fd097877102421e80deecb4d3e3233b77ae33d05e2f8d240ea5dd6e90d999b3528a250431f32100a00de8e36fdd364a
  languageName: node
  linkType: hard

"@types/scheduler@npm:*":
  version: 0.23.0
  resolution: "@types/scheduler@npm:0.23.0"
  checksum: 10/874d753aa65c17760dfc460a91e6df24009bde37bfd427a031577b30262f7770c1b8f71a21366c7dbc76111967384cf4090a31d65315155180ef14bd7acccb32
  languageName: node
  linkType: hard

"@types/use-sync-external-store@npm:^0.0.3":
  version: 0.0.3
  resolution: "@types/use-sync-external-store@npm:0.0.3"
  checksum: 10/161ddb8eec5dbe7279ac971531217e9af6b99f7783213566d2b502e2e2378ea19cf5e5ea4595039d730aa79d3d35c6567d48599f69773a02ffcff1776ec2a44e
  languageName: node
  linkType: hard

"busboy@npm:1.6.0":
  version: 1.6.0
  resolution: "busboy@npm:1.6.0"
  dependencies:
    streamsearch: "npm:^1.1.0"
  checksum: 10/bee10fa10ea58e7e3e7489ffe4bda6eacd540a17de9f9cd21cc37e297b2dd9fe52b2715a5841afaec82900750d810d01d7edb4b2d456427f449b92b417579763
  languageName: node
  linkType: hard

"caniuse-lite@npm:^1.0.30001579":
  version: 1.0.30001668
  resolution: "caniuse-lite@npm:1.0.30001668"
  checksum: 10/4a14acbc999a855e6a91a3ae4ca670f202ceabb4b0e75f8eaef153fafe33ae5ea0de7ac99c078d6b724c8f60b14b1ea24d7c544398e5fd077c418e3f029559ff
  languageName: node
  linkType: hard

"client-only@npm:0.0.1":
  version: 0.0.1
  resolution: "client-only@npm:0.0.1"
  checksum: 10/0c16bf660dadb90610553c1d8946a7fdfb81d624adea073b8440b7d795d5b5b08beb3c950c6a2cf16279365a3265158a236876d92bce16423c485c322d7dfaf8
  languageName: node
  linkType: hard

"csstype@npm:^3.0.2":
  version: 3.1.3
  resolution: "csstype@npm:3.1.3"
  checksum: 10/f593cce41ff5ade23f44e77521e3a1bcc2c64107041e1bf6c3c32adc5187d0d60983292fda326154d20b01079e24931aa5b08e4467cc488b60bb1e7f6d478ade
  languageName: node
  linkType: hard

"graceful-fs@npm:^4.2.11":
  version: 4.2.11
  resolution: "graceful-fs@npm:4.2.11"
  checksum: 10/bf152d0ed1dc159239db1ba1f74fdbc40cb02f626770dcd5815c427ce0688c2635a06ed69af364396da4636d0408fcf7d4afdf7881724c3307e46aff30ca49e2
  languageName: node
  linkType: hard

"hoist-non-react-statics@npm:^3.3.0, hoist-non-react-statics@npm:^3.3.2":
  version: 3.3.2
  resolution: "hoist-non-react-statics@npm:3.3.2"
  dependencies:
    react-is: "npm:^16.7.0"
  checksum: 10/1acbe85f33e5a39f90c822ad4d28b24daeb60f71c545279431dc98c312cd28a54f8d64788e477fe21dc502b0e3cf58589ebe5c1ad22af27245370391c2d24ea6
  languageName: node
  linkType: hard

"js-tokens@npm:^3.0.0 || ^4.0.0":
  version: 4.0.0
  resolution: "js-tokens@npm:4.0.0"
  checksum: 10/af37d0d913fb56aec6dc0074c163cc71cd23c0b8aad5c2350747b6721d37ba118af35abdd8b33c47ec2800de07dedb16a527ca9c530ee004093e04958bd0cbf2
  languageName: node
  linkType: hard

"loose-envify@npm:^1.1.0":
  version: 1.4.0
  resolution: "loose-envify@npm:1.4.0"
  dependencies:
    js-tokens: "npm:^3.0.0 || ^4.0.0"
  bin:
    loose-envify: cli.js
  checksum: 10/6517e24e0cad87ec9888f500c5b5947032cdfe6ef65e1c1936a0c48a524b81e65542c9c3edc91c97d5bddc806ee2a985dbc79be89215d613b1de5db6d1cfe6f4
  languageName: node
  linkType: hard

"nanoid@npm:^3.3.6":
  version: 3.3.7
  resolution: "nanoid@npm:3.3.7"
  bin:
    nanoid: bin/nanoid.cjs
  checksum: 10/ac1eb60f615b272bccb0e2b9cd933720dad30bf9708424f691b8113826bb91aca7e9d14ef5d9415a6ba15c266b37817256f58d8ce980c82b0ba3185352565679
  languageName: node
  linkType: hard

"next@npm:14.2.10":
  version: 14.2.10
  resolution: "next@npm:14.2.10"
  dependencies:
    "@next/env": "npm:14.2.10"
    "@next/swc-darwin-arm64": "npm:14.2.10"
    "@next/swc-darwin-x64": "npm:14.2.10"
    "@next/swc-linux-arm64-gnu": "npm:14.2.10"
    "@next/swc-linux-arm64-musl": "npm:14.2.10"
    "@next/swc-linux-x64-gnu": "npm:14.2.10"
    "@next/swc-linux-x64-musl": "npm:14.2.10"
    "@next/swc-win32-arm64-msvc": "npm:14.2.10"
    "@next/swc-win32-ia32-msvc": "npm:14.2.10"
    "@next/swc-win32-x64-msvc": "npm:14.2.10"
    "@swc/helpers": "npm:0.5.5"
    busboy: "npm:1.6.0"
    caniuse-lite: "npm:^1.0.30001579"
    graceful-fs: "npm:^4.2.11"
    postcss: "npm:8.4.31"
    styled-jsx: "npm:5.1.1"
  peerDependencies:
    "@opentelemetry/api": ^1.1.0
    "@playwright/test": ^1.41.2
    react: ^18.2.0
    react-dom: ^18.2.0
    sass: ^1.3.0
  dependenciesMeta:
    "@next/swc-darwin-arm64":
      optional: true
    "@next/swc-darwin-x64":
      optional: true
    "@next/swc-linux-arm64-gnu":
      optional: true
    "@next/swc-linux-arm64-musl":
      optional: true
    "@next/swc-linux-x64-gnu":
      optional: true
    "@next/swc-linux-x64-musl":
      optional: true
    "@next/swc-win32-arm64-msvc":
      optional: true
    "@next/swc-win32-ia32-msvc":
      optional: true
    "@next/swc-win32-x64-msvc":
      optional: true
  peerDependenciesMeta:
    "@opentelemetry/api":
      optional: true
    "@playwright/test":
      optional: true
    sass:
      optional: true
  bin:
    next: dist/bin/next
  checksum: 10/73b254332a04d41885aa63b23d692d8e1c665de4db383b29363292729b128c22ade07cae1fd1e088a9cbb595106047397bbf92bc769b124f4069844833c0a06c
  languageName: node
  linkType: hard

"picocolors@npm:^1.0.0":
  version: 1.1.0
  resolution: "picocolors@npm:1.1.0"
  checksum: 10/a2ad60d94d185c30f2a140b19c512547713fb89b920d32cc6cf658fa786d63a37ba7b8451872c3d9fc34883971fb6e5878e07a20b60506e0bb2554dce9169ccb
  languageName: node
  linkType: hard

"postcss@npm:8.4.31":
  version: 8.4.31
  resolution: "postcss@npm:8.4.31"
  dependencies:
    nanoid: "npm:^3.3.6"
    picocolors: "npm:^1.0.0"
    source-map-js: "npm:^1.0.2"
  checksum: 10/1a6653e72105907377f9d4f2cd341d8d90e3fde823a5ddea1e2237aaa56933ea07853f0f2758c28892a1d70c53bbaca200eb8b80f8ed55f13093003dbec5afa0
  languageName: node
  linkType: hard

"react-dom@npm:18.2.0":
  version: 18.2.0
  resolution: "react-dom@npm:18.2.0"
  dependencies:
    loose-envify: "npm:^1.1.0"
    scheduler: "npm:^0.23.0"
  peerDependencies:
    react: ^18.2.0
  checksum: 10/ca5e7762ec8c17a472a3605b6f111895c9f87ac7d43a610ab7024f68cd833d08eda0625ce02ec7178cc1f3c957cf0b9273cdc17aa2cd02da87544331c43b1d21
  languageName: node
  linkType: hard

"react-is@npm:^16.7.0":
  version: 16.13.1
  resolution: "react-is@npm:16.13.1"
  checksum: 10/5aa564a1cde7d391ac980bedee21202fc90bdea3b399952117f54fb71a932af1e5902020144fb354b4690b2414a0c7aafe798eb617b76a3d441d956db7726fdf
  languageName: node
  linkType: hard

"react-is@npm:^18.0.0":
  version: 18.3.1
  resolution: "react-is@npm:18.3.1"
  checksum: 10/d5f60c87d285af24b1e1e7eaeb123ec256c3c8bdea7061ab3932e3e14685708221bf234ec50b21e10dd07f008f1b966a2730a0ce4ff67905b3872ff2042aec22
  languageName: node
  linkType: hard

"react-redux@npm:^8.0.7":
  version: 8.1.3
  resolution: "react-redux@npm:8.1.3"
  dependencies:
    "@babel/runtime": "npm:^7.12.1"
    "@types/hoist-non-react-statics": "npm:^3.3.1"
    "@types/use-sync-external-store": "npm:^0.0.3"
    hoist-non-react-statics: "npm:^3.3.2"
    react-is: "npm:^18.0.0"
    use-sync-external-store: "npm:^1.0.0"
  peerDependencies:
    "@types/react": ^16.8 || ^17.0 || ^18.0
    "@types/react-dom": ^16.8 || ^17.0 || ^18.0
    react: ^16.8 || ^17.0 || ^18.0
    react-dom: ^16.8 || ^17.0 || ^18.0
    react-native: ">=0.59"
    redux: ^4 || ^5.0.0-beta.0
  peerDependenciesMeta:
    "@types/react":
      optional: true
    "@types/react-dom":
      optional: true
    react-dom:
      optional: true
    react-native:
      optional: true
    redux:
      optional: true
  checksum: 10/c4c7586cff3abeb784e73598d330f5301116a4e9942fd36895f2bccd8990001709c6c3ea1817edb75ee477470d6c67c9113e05a7f86b2b68a3950c9c29fe20cb
  languageName: node
  linkType: hard

"react@npm:18.2.0":
  version: 18.2.0
  resolution: "react@npm:18.2.0"
  dependencies:
    loose-envify: "npm:^1.1.0"
  checksum: 10/b9214a9bd79e99d08de55f8bef2b7fc8c39630be97c4e29d7be173d14a9a10670b5325e94485f74cd8bff4966ef3c78ee53c79a7b0b9b70cba20aa8973acc694
  languageName: node
  linkType: hard

"regenerator-runtime@npm:^0.14.0":
  version: 0.14.1
  resolution: "regenerator-runtime@npm:0.14.1"
  checksum: 10/5db3161abb311eef8c45bcf6565f4f378f785900ed3945acf740a9888c792f75b98ecb77f0775f3bf95502ff423529d23e94f41d80c8256e8fa05ed4b07cf471
  languageName: node
  linkType: hard

"rr-rsc-context@workspace:.":
  version: 0.0.0-use.local
  resolution: "rr-rsc-context@workspace:."
  dependencies:
    "@types/node": "npm:20.3.0"
    "@types/react": "npm:18.2.12"
    "@types/react-dom": "npm:18.2.5"
    next: "npm:14.2.10"
    react: "npm:18.2.0"
    react-dom: "npm:18.2.0"
    react-redux: "npm:^8.0.7"
    typescript: "npm:5.1.3"
  languageName: unknown
  linkType: soft

"scheduler@npm:^0.23.0":
  version: 0.23.2
  resolution: "scheduler@npm:0.23.2"
  dependencies:
    loose-envify: "npm:^1.1.0"
  checksum: 10/e8d68b89d18d5b028223edf090092846868a765a591944760942b77ea1f69b17235f7e956696efbb62c8130ab90af7e0949bfb8eba7896335507317236966bc9
  languageName: node
  linkType: hard

"source-map-js@npm:^1.0.2":
  version: 1.2.1
  resolution: "source-map-js@npm:1.2.1"
  checksum: 10/ff9d8c8bf096d534a5b7707e0382ef827b4dd360a577d3f34d2b9f48e12c9d230b5747974ee7c607f0df65113732711bb701fe9ece3c7edbd43cb2294d707df3
  languageName: node
  linkType: hard

"streamsearch@npm:^1.1.0":
  version: 1.1.0
  resolution: "streamsearch@npm:1.1.0"
  checksum: 10/612c2b2a7dbcc859f74597112f80a42cbe4d448d03da790d5b7b39673c1197dd3789e91cd67210353e58857395d32c1e955a9041c4e6d5bae723436b3ed9ed14
  languageName: node
  linkType: hard

"styled-jsx@npm:5.1.1":
  version: 5.1.1
  resolution: "styled-jsx@npm:5.1.1"
  dependencies:
    client-only: "npm:0.0.1"
  peerDependencies:
    react: ">= 16.8.0 || 17.x.x || ^18.0.0-0"
  peerDependenciesMeta:
    "@babel/core":
      optional: true
    babel-plugin-macros:
      optional: true
  checksum: 10/4f6a5d0010770fdeea1183d919d528fd46c484e23c0535ef3e1dd49488116f639c594f3bd4440e3bc8a8686c9f8d53c5761599870ff039ede11a5c3bfe08a4be
  languageName: node
  linkType: hard

"tslib@npm:^2.4.0":
  version: 2.7.0
  resolution: "tslib@npm:2.7.0"
  checksum: 10/9a5b47ddac65874fa011c20ff76db69f97cf90c78cff5934799ab8894a5342db2d17b4e7613a087046bc1d133d21547ddff87ac558abeec31ffa929c88b7fce6
  languageName: node
  linkType: hard

"typescript@npm:5.1.3":
  version: 5.1.3
  resolution: "typescript@npm:5.1.3"
  bin:
    tsc: bin/tsc
    tsserver: bin/tsserver
  checksum: 10/2d656e635d85a8354955d4f63e5835f5217b1d2b0cea7d82409e324bd7d24f68883e43208a9b250b764bbf2833d83878c05de55dbe4b8b73996b2025c6e50140
  languageName: node
  linkType: hard

"typescript@patch:typescript@npm%3A5.1.3#optional!builtin<compat/typescript>":
  version: 5.1.3
  resolution: "typescript@patch:typescript@npm%3A5.1.3#optional!builtin<compat/typescript>::version=5.1.3&hash=5da071"
  bin:
    tsc: bin/tsc
    tsserver: bin/tsserver
  checksum: 10/dade91ba4155d0e9eb58a83cfec0d8271fefedc87b106443c396f9961aa8b231f8585d283b126a8373897aff7823da7874ce5c0b3b18a548b51ffb474f01565e
  languageName: node
  linkType: hard

"use-sync-external-store@npm:^1.0.0":
  version: 1.2.2
  resolution: "use-sync-external-store@npm:1.2.2"
  peerDependencies:
    react: ^16.8.0 || ^17.0.0 || ^18.0.0
  checksum: 10/671e9c190aab9a8374a5d468c6ba17f52c38b6fae970110bc196fc1e2b57204149aea9619be49a1bb5207fb6e51d8afd19c3bcb94afe61813fed039821461dc0
  languageName: node
  linkType: hard
